
Microsoft Visual Studio Solution File, Format Version 12.00
# Visual Studio Version 17
VisualStudioVersion = 17.3.32901.215
MinimumVisualStudioVersion = 10.0.40219.1
Project("{FAE04EC0-301F-11D3-BF4B-00C04F79EFBC}") = "SeleniumHT4", "SeleniumHT4.csproj", "{ECBED91D-69D1-4BF1-8D58-D10856D637B0}"
EndProject
Project("{FAE04EC0-301F-11D3-BF4B-00C04F79EFBC}") = "Selenium4", "..\Selenium4\Selenium4.csproj", "{C3F7FD6B-1095-4104-93A8-D977418AB38F}"
EndProject
Global
	GlobalSection(SolutionConfigurationPlatforms) = preSolution
		Debug|Any CPU = Debug|Any CPU
		Release|Any CPU = Release|Any CPU
	EndGlobalSection
	GlobalSection(ProjectConfigurationPlatforms) = postSolution
		{ECBED91D-69D1-4BF1-8D58-D10856D637B0}.Debug|Any CPU.ActiveCfg = Debug|Any CPU
		{ECBED91D-69D1-4BF1-8D58-D10856D637B0}.Debug|Any CPU.Build.0 = Debug|Any CPU
		{ECBED91D-69D1-4BF1-8D58-D10856D637B0}.Release|Any CPU.ActiveCfg = Release|Any CPU
		{ECBED91D-69D1-4BF1-8D58-D10856D637B0}.Release|Any CPU.Build.0 = Release|Any CPU
		{C3F7FD6B-1095-4104-93A8-D977418AB38F}.Debug|Any CPU.ActiveCfg = Debug|Any CPU
		{C3F7FD6B-1095-4104-93A8-D977418AB38F}.Debug|Any CPU.Build.0 = Debug|Any CPU
		{C3F7FD6B-1095-4104-93A8-D977418AB38F}.Release|Any CPU.ActiveCfg = Release|Any CPU
		{C3F7FD6B-1095-4104-93A8-D977418AB38F}.Release|Any CPU.Build.0 = Release|Any CPU
	EndGlobalSection
	GlobalSection(SolutionProperties) = preSolution
		HideSolutionNode = FALSE
	EndGlobalSection
	GlobalSection(ExtensibilityGlobals) = postSolution
		SolutionGuid = {61FC357D-C2BB-421A-83D2-4046B9EB887C}
	EndGlobalSection
EndGlobal
