
Microsoft Visual Studio Solution File, Format Version 12.00
# Visual Studio Version 17
VisualStudioVersion = 17.3.32901.215
MinimumVisualStudioVersion = 10.0.40219.1
Project("{FAE04EC0-301F-11D3-BF4B-00C04F79EFBC}") = "CommonFramework", "CommonFramework.csproj", "{1A8DE359-A86A-4220-A2C9-7B1A79DB66BD}"
EndProject
Project("{FAE04EC0-301F-11D3-BF4B-00C04F79EFBC}") = "OrangeHRMPOM", "..\OrangeHRMPOM\OrangeHRMPOM.csproj", "{15352CF2-7EE6-4EC0-A8E2-429629F0F6AD}"
EndProject
Project("{FAE04EC0-301F-11D3-BF4B-00C04F79EFBC}") = "OrangeHRMTest", "..\OrangeHRMTest\OrangeHRMTest.csproj", "{8673EB0D-9710-4EE1-AB29-1584AF62DA04}"
EndProject
Global
	GlobalSection(SolutionConfigurationPlatforms) = preSolution
		Debug|Any CPU = Debug|Any CPU
		Release|Any CPU = Release|Any CPU
	EndGlobalSection
	GlobalSection(ProjectConfigurationPlatforms) = postSolution
		{1A8DE359-A86A-4220-A2C9-7B1A79DB66BD}.Debug|Any CPU.ActiveCfg = Debug|Any CPU
		{1A8DE359-A86A-4220-A2C9-7B1A79DB66BD}.Debug|Any CPU.Build.0 = Debug|Any CPU
		{1A8DE359-A86A-4220-A2C9-7B1A79DB66BD}.Release|Any CPU.ActiveCfg = Release|Any CPU
		{1A8DE359-A86A-4220-A2C9-7B1A79DB66BD}.Release|Any CPU.Build.0 = Release|Any CPU
		{15352CF2-7EE6-4EC0-A8E2-429629F0F6AD}.Debug|Any CPU.ActiveCfg = Debug|Any CPU
		{15352CF2-7EE6-4EC0-A8E2-429629F0F6AD}.Debug|Any CPU.Build.0 = Debug|Any CPU
		{15352CF2-7EE6-4EC0-A8E2-429629F0F6AD}.Release|Any CPU.ActiveCfg = Release|Any CPU
		{15352CF2-7EE6-4EC0-A8E2-429629F0F6AD}.Release|Any CPU.Build.0 = Release|Any CPU
		{8673EB0D-9710-4EE1-AB29-1584AF62DA04}.Debug|Any CPU.ActiveCfg = Debug|Any CPU
		{8673EB0D-9710-4EE1-AB29-1584AF62DA04}.Debug|Any CPU.Build.0 = Debug|Any CPU
		{8673EB0D-9710-4EE1-AB29-1584AF62DA04}.Release|Any CPU.ActiveCfg = Release|Any CPU
		{8673EB0D-9710-4EE1-AB29-1584AF62DA04}.Release|Any CPU.Build.0 = Release|Any CPU
	EndGlobalSection
	GlobalSection(SolutionProperties) = preSolution
		HideSolutionNode = FALSE
	EndGlobalSection
	GlobalSection(ExtensibilityGlobals) = postSolution
		SolutionGuid = {F868461C-2BBA-4964-B007-B34B8CA9CC8B}
	EndGlobalSection
EndGlobal
