
Microsoft Visual Studio Solution File, Format Version 12.00
# Visual Studio Version 17
VisualStudioVersion = 17.3.32901.215
MinimumVisualStudioVersion = 10.0.40219.1
Project("{9A19103F-16F7-4668-BE54-9A1E7A4F7556}") = "SauceDemoPOM", "SauceDemoPOM.csproj", "{23D8CB9C-194E-4AC2-843B-CF115173C4B3}"
EndProject
Project("{9A19103F-16F7-4668-BE54-9A1E7A4F7556}") = "SauceDemoTest", "..\SauceDemoTest\SauceDemoTest.csproj", "{805450C9-7980-4C3C-9045-6DC43233A266}"
EndProject
Project("{FAE04EC0-301F-11D3-BF4B-00C04F79EFBC}") = "CommonFramework", "..\CommonFramework\CommonFramework.csproj", "{885A494D-AA7A-429D-AB21-E4C77641E1E8}"
EndProject
Global
	GlobalSection(SolutionConfigurationPlatforms) = preSolution
		Debug|Any CPU = Debug|Any CPU
		Release|Any CPU = Release|Any CPU
	EndGlobalSection
	GlobalSection(ProjectConfigurationPlatforms) = postSolution
		{23D8CB9C-194E-4AC2-843B-CF115173C4B3}.Debug|Any CPU.ActiveCfg = Debug|Any CPU
		{23D8CB9C-194E-4AC2-843B-CF115173C4B3}.Debug|Any CPU.Build.0 = Debug|Any CPU
		{23D8CB9C-194E-4AC2-843B-CF115173C4B3}.Release|Any CPU.ActiveCfg = Release|Any CPU
		{23D8CB9C-194E-4AC2-843B-CF115173C4B3}.Release|Any CPU.Build.0 = Release|Any CPU
		{805450C9-7980-4C3C-9045-6DC43233A266}.Debug|Any CPU.ActiveCfg = Debug|Any CPU
		{805450C9-7980-4C3C-9045-6DC43233A266}.Debug|Any CPU.Build.0 = Debug|Any CPU
		{805450C9-7980-4C3C-9045-6DC43233A266}.Release|Any CPU.ActiveCfg = Release|Any CPU
		{805450C9-7980-4C3C-9045-6DC43233A266}.Release|Any CPU.Build.0 = Release|Any CPU
		{885A494D-AA7A-429D-AB21-E4C77641E1E8}.Debug|Any CPU.ActiveCfg = Debug|Any CPU
		{885A494D-AA7A-429D-AB21-E4C77641E1E8}.Debug|Any CPU.Build.0 = Debug|Any CPU
		{885A494D-AA7A-429D-AB21-E4C77641E1E8}.Release|Any CPU.ActiveCfg = Release|Any CPU
		{885A494D-AA7A-429D-AB21-E4C77641E1E8}.Release|Any CPU.Build.0 = Release|Any CPU
	EndGlobalSection
	GlobalSection(SolutionProperties) = preSolution
		HideSolutionNode = FALSE
	EndGlobalSection
	GlobalSection(ExtensibilityGlobals) = postSolution
		SolutionGuid = {183DB573-466A-4E9D-8960-84712F75DF4C}
	EndGlobalSection
EndGlobal
